
Microsoft Visual Studio Solution File, Format Version 12.00
# Visual Studio 15
VisualStudioVersion = 15.0.26730.16
MinimumVisualStudioVersion = 10.0.40219.1
Project("{8BC9CEB8-8B4A-11D0-8D11-00A0C91BC942}") = "01-HelloWorld", "01-HelloWorld\UdemyCPPBeginners.vcxproj", "{7C2E8E38-D8FF-4289-9398-715663F64DFD}"
EndProject
Project("{8BC9CEB8-8B4A-11D0-8D11-00A0C91BC942}") = "02-OutputtingText", "02-OutputtingText\02-OutputtingText.vcxproj", "{96A8AE3A-C371-44B1-8700-D49244197AEB}"
EndProject
Project("{8BC9CEB8-8B4A-11D0-8D11-00A0C91BC942}") = "03-Variables", "03-Variables\03-Variables.vcxproj", "{C2A57E2E-5975-4275-B30F-B97F4E8ABD55}"
EndProject
Project("{8BC9CEB8-8B4A-11D0-8D11-00A0C91BC942}") = "04-Strings", "04-Strings\04-Strings.vcxproj", "{F473CFF6-4770-4F5E-8F5B-4EF0DC8D068B}"
EndProject
Project("{8BC9CEB8-8B4A-11D0-8D11-00A0C91BC942}") = "05-Input", "05-Input\05-Input.vcxproj", "{F5BC8C24-8F82-4D5D-8DD4-D55DDA6B99B9}"
EndProject
Project("{8BC9CEB8-8B4A-11D0-8D11-00A0C91BC942}") = "06-Intergers", "06-Integers\06-Intergers.vcxproj", "{A80BDF2C-EE43-4D93-8084-D1A7C8ACC300}"
EndProject
Project("{8BC9CEB8-8B4A-11D0-8D11-00A0C91BC942}") = "07-Floating Point", "07-Floating Point\Floating Point.vcxproj", "{7186ABA3-7A6A-451B-A853-1D809B834B45}"
EndProject
Project("{8BC9CEB8-8B4A-11D0-8D11-00A0C91BC942}") = "08-Other Types", "08-OtherTypes\08-Other Types.vcxproj", "{CE9BCCCC-D699-45A0-A874-97AE0AC6E26D}"
EndProject
Project("{8BC9CEB8-8B4A-11D0-8D11-00A0C91BC942}") = "09-If", "09-If\09-If.vcxproj", "{E0B01991-F58B-4FFC-8FE2-FD6543D75035}"
EndProject
Project("{8BC9CEB8-8B4A-11D0-8D11-00A0C91BC942}") = "10-IfElse", "10-IfElse\10-IfElse.vcxproj", "{B795BF94-0AE5-4918-96FC-177E8EF31DC2}"
EndProject
Project("{8BC9CEB8-8B4A-11D0-8D11-00A0C91BC942}") = "11-IfElseIfElse", "11-IfElseIfElse\11-IfElseIfElse.vcxproj", "{55D5ED90-0007-4DF9-AA0C-6FE640AA615E}"
EndProject
Project("{8BC9CEB8-8B4A-11D0-8D11-00A0C91BC942}") = "12-ComparingFloats", "12-ComparingFloats\12-ComparingFloats.vcxproj", "{1E735D9D-E6ED-4653-B6F7-9D0DCFAD2F78}"
EndProject
Project("{8BC9CEB8-8B4A-11D0-8D11-00A0C91BC942}") = "13-ComplexConditions", "13-ComplexConditions\13-ComplexConditions.vcxproj", "{D0A15915-4829-45C4-BF51-DFB95E358685}"
EndProject
Project("{8BC9CEB8-8B4A-11D0-8D11-00A0C91BC942}") = "14-WhileLoops", "14-WhileLoops\14-WhileLoops.vcxproj", "{482B3907-8A80-4CAC-82FB-4C7EDF89668E}"
EndProject
Project("{8BC9CEB8-8B4A-11D0-8D11-00A0C91BC942}") = "15-DoWhileLoops", "15-DoWhileLoops\15-DoWhileLoops.vcxproj", "{DB3BC8CB-23C5-4CB0-AED7-19DC05CD0696}"
EndProject
Project("{8BC9CEB8-8B4A-11D0-8D11-00A0C91BC942}") = "16-ForLoops", "16-ForLoops\16-ForLoops.vcxproj", "{B9461CB0-2B93-4B1D-8B0A-954A1157F097}"
EndProject
Project("{8BC9CEB8-8B4A-11D0-8D11-00A0C91BC942}") = "17-BreaksAndContinues", "17-BreaksAndContinues\17-BreaksAndContinues.vcxproj", "{36DA3EDA-2BAB-4797-92E8-DD8D385A9432}"
EndProject
Project("{8BC9CEB8-8B4A-11D0-8D11-00A0C91BC942}") = "18-Arrays", "18-Arrays\18-Arrays.vcxproj", "{06319F90-0909-4AC5-BE96-30B1AC4156EA}"
EndProject
Project("{8BC9CEB8-8B4A-11D0-8D11-00A0C91BC942}") = "19-MultidimensionalArrays", "19-MultidimensionalArrays\19-MultidimensionalArrays.vcxproj", "{4E6230FF-08EF-4BBA-8DDD-BB440CD31183}"
EndProject
Project("{8BC9CEB8-8B4A-11D0-8D11-00A0C91BC942}") = "20-SizeOfArray", "20-SizeOfArray\20-SizeOfArray.vcxproj", "{B35527AD-D994-4B94-B6E2-D20D93576814}"
EndProject
Project("{8BC9CEB8-8B4A-11D0-8D11-00A0C91BC942}") = "21-SizeOfMultidimensionalArray", "21-SizeOfMultidimensionalArray\21-SizeOfMultidimensionalArray.vcxproj", "{9905F829-A2D1-44AC-909F-90F4E1917A17}"
EndProject
Project("{8BC9CEB8-8B4A-11D0-8D11-00A0C91BC942}") = "22-Switch", "22-Switch\22-Switch.vcxproj", "{896E694E-9EDE-43AE-A916-750217F7DE41}"
EndProject
Project("{8BC9CEB8-8B4A-11D0-8D11-00A0C91BC942}") = "23-Functions", "23-Functions\23-Functions.vcxproj", "{656175F5-38BE-4B1A-ADDB-C9D4F03CC66D}"
EndProject
Project("{8BC9CEB8-8B4A-11D0-8D11-00A0C91BC942}") = "24-ReturningValuesFromFunctions", "24-ReturningValuesFromFunctions\24-ReturningValuesFromFunctions.vcxproj", "{0A3AD203-EAA4-4DD1-8C6B-E543E5A63499}"
EndProject
Project("{8BC9CEB8-8B4A-11D0-8D11-00A0C91BC942}") = "25-FunctionParameters", "25-FunctionParameters\25-FunctionParameters.vcxproj", "{D3A3CD82-F99B-4C68-B9AC-A70272A7C40E}"
EndProject
Project("{8BC9CEB8-8B4A-11D0-8D11-00A0C91BC942}") = "26-PrototypesAndIncludes", "26-PrototypesAndIncludes\26-PrototypesAndIncludes.vcxproj", "{2B6C1888-931F-42CE-8498-435A2D180B26}"
EndProject
Project("{8BC9CEB8-8B4A-11D0-8D11-00A0C91BC942}") = "27-Classes", "27-Classes\27-Classes.vcxproj", "{FC5B0189-C3E7-4EAA-9087-60625E699EF0}"
EndProject
Project("{8BC9CEB8-8B4A-11D0-8D11-00A0C91BC942}") = "28-DataMembers", "28-DataMembers\28-DataMembers.vcxproj", "{D57C3418-0F12-4586-9CB8-D77ABE2D38D5}"
EndProject
Global
	GlobalSection(SolutionConfigurationPlatforms) = preSolution
		Debug|x64 = Debug|x64
		Debug|x86 = Debug|x86
		Release|x64 = Release|x64
		Release|x86 = Release|x86
	EndGlobalSection
	GlobalSection(ProjectConfigurationPlatforms) = postSolution
		{7C2E8E38-D8FF-4289-9398-715663F64DFD}.Debug|x64.ActiveCfg = Debug|x64
		{7C2E8E38-D8FF-4289-9398-715663F64DFD}.Debug|x64.Build.0 = Debug|x64
		{7C2E8E38-D8FF-4289-9398-715663F64DFD}.Debug|x86.ActiveCfg = Debug|Win32
		{7C2E8E38-D8FF-4289-9398-715663F64DFD}.Debug|x86.Build.0 = Debug|Win32
		{7C2E8E38-D8FF-4289-9398-715663F64DFD}.Release|x64.ActiveCfg = Release|x64
		{7C2E8E38-D8FF-4289-9398-715663F64DFD}.Release|x64.Build.0 = Release|x64
		{7C2E8E38-D8FF-4289-9398-715663F64DFD}.Release|x86.ActiveCfg = Release|Win32
		{7C2E8E38-D8FF-4289-9398-715663F64DFD}.Release|x86.Build.0 = Release|Win32
		{96A8AE3A-C371-44B1-8700-D49244197AEB}.Debug|x64.ActiveCfg = Debug|x64
		{96A8AE3A-C371-44B1-8700-D49244197AEB}.Debug|x64.Build.0 = Debug|x64
		{96A8AE3A-C371-44B1-8700-D49244197AEB}.Debug|x86.ActiveCfg = Debug|Win32
		{96A8AE3A-C371-44B1-8700-D49244197AEB}.Debug|x86.Build.0 = Debug|Win32
		{96A8AE3A-C371-44B1-8700-D49244197AEB}.Release|x64.ActiveCfg = Release|x64
		{96A8AE3A-C371-44B1-8700-D49244197AEB}.Release|x64.Build.0 = Release|x64
		{96A8AE3A-C371-44B1-8700-D49244197AEB}.Release|x86.ActiveCfg = Release|Win32
		{96A8AE3A-C371-44B1-8700-D49244197AEB}.Release|x86.Build.0 = Release|Win32
		{C2A57E2E-5975-4275-B30F-B97F4E8ABD55}.Debug|x64.ActiveCfg = Debug|x64
		{C2A57E2E-5975-4275-B30F-B97F4E8ABD55}.Debug|x64.Build.0 = Debug|x64
		{C2A57E2E-5975-4275-B30F-B97F4E8ABD55}.Debug|x86.ActiveCfg = Debug|Win32
		{C2A57E2E-5975-4275-B30F-B97F4E8ABD55}.Debug|x86.Build.0 = Debug|Win32
		{C2A57E2E-5975-4275-B30F-B97F4E8ABD55}.Release|x64.ActiveCfg = Release|x64
		{C2A57E2E-5975-4275-B30F-B97F4E8ABD55}.Release|x64.Build.0 = Release|x64
		{C2A57E2E-5975-4275-B30F-B97F4E8ABD55}.Release|x86.ActiveCfg = Release|Win32
		{C2A57E2E-5975-4275-B30F-B97F4E8ABD55}.Release|x86.Build.0 = Release|Win32
		{F473CFF6-4770-4F5E-8F5B-4EF0DC8D068B}.Debug|x64.ActiveCfg = Debug|x64
		{F473CFF6-4770-4F5E-8F5B-4EF0DC8D068B}.Debug|x64.Build.0 = Debug|x64
		{F473CFF6-4770-4F5E-8F5B-4EF0DC8D068B}.Debug|x86.ActiveCfg = Debug|Win32
		{F473CFF6-4770-4F5E-8F5B-4EF0DC8D068B}.Debug|x86.Build.0 = Debug|Win32
		{F473CFF6-4770-4F5E-8F5B-4EF0DC8D068B}.Release|x64.ActiveCfg = Release|x64
		{F473CFF6-4770-4F5E-8F5B-4EF0DC8D068B}.Release|x64.Build.0 = Release|x64
		{F473CFF6-4770-4F5E-8F5B-4EF0DC8D068B}.Release|x86.ActiveCfg = Release|Win32
		{F473CFF6-4770-4F5E-8F5B-4EF0DC8D068B}.Release|x86.Build.0 = Release|Win32
		{F5BC8C24-8F82-4D5D-8DD4-D55DDA6B99B9}.Debug|x64.ActiveCfg = Debug|x64
		{F5BC8C24-8F82-4D5D-8DD4-D55DDA6B99B9}.Debug|x64.Build.0 = Debug|x64
		{F5BC8C24-8F82-4D5D-8DD4-D55DDA6B99B9}.Debug|x86.ActiveCfg = Debug|Win32
		{F5BC8C24-8F82-4D5D-8DD4-D55DDA6B99B9}.Debug|x86.Build.0 = Debug|Win32
		{F5BC8C24-8F82-4D5D-8DD4-D55DDA6B99B9}.Release|x64.ActiveCfg = Release|x64
		{F5BC8C24-8F82-4D5D-8DD4-D55DDA6B99B9}.Release|x64.Build.0 = Release|x64
		{F5BC8C24-8F82-4D5D-8DD4-D55DDA6B99B9}.Release|x86.ActiveCfg = Release|Win32
		{F5BC8C24-8F82-4D5D-8DD4-D55DDA6B99B9}.Release|x86.Build.0 = Release|Win32
		{A80BDF2C-EE43-4D93-8084-D1A7C8ACC300}.Debug|x64.ActiveCfg = Debug|x64
		{A80BDF2C-EE43-4D93-8084-D1A7C8ACC300}.Debug|x64.Build.0 = Debug|x64
		{A80BDF2C-EE43-4D93-8084-D1A7C8ACC300}.Debug|x86.ActiveCfg = Debug|Win32
		{A80BDF2C-EE43-4D93-8084-D1A7C8ACC300}.Debug|x86.Build.0 = Debug|Win32
		{A80BDF2C-EE43-4D93-8084-D1A7C8ACC300}.Release|x64.ActiveCfg = Release|x64
		{A80BDF2C-EE43-4D93-8084-D1A7C8ACC300}.Release|x64.Build.0 = Release|x64
		{A80BDF2C-EE43-4D93-8084-D1A7C8ACC300}.Release|x86.ActiveCfg = Release|Win32
		{A80BDF2C-EE43-4D93-8084-D1A7C8ACC300}.Release|x86.Build.0 = Release|Win32
		{7186ABA3-7A6A-451B-A853-1D809B834B45}.Debug|x64.ActiveCfg = Debug|x64
		{7186ABA3-7A6A-451B-A853-1D809B834B45}.Debug|x64.Build.0 = Debug|x64
		{7186ABA3-7A6A-451B-A853-1D809B834B45}.Debug|x86.ActiveCfg = Debug|Win32
		{7186ABA3-7A6A-451B-A853-1D809B834B45}.Debug|x86.Build.0 = Debug|Win32
		{7186ABA3-7A6A-451B-A853-1D809B834B45}.Release|x64.ActiveCfg = Release|x64
		{7186ABA3-7A6A-451B-A853-1D809B834B45}.Release|x64.Build.0 = Release|x64
		{7186ABA3-7A6A-451B-A853-1D809B834B45}.Release|x86.ActiveCfg = Release|Win32
		{7186ABA3-7A6A-451B-A853-1D809B834B45}.Release|x86.Build.0 = Release|Win32
		{CE9BCCCC-D699-45A0-A874-97AE0AC6E26D}.Debug|x64.ActiveCfg = Debug|x64
		{CE9BCCCC-D699-45A0-A874-97AE0AC6E26D}.Debug|x64.Build.0 = Debug|x64
		{CE9BCCCC-D699-45A0-A874-97AE0AC6E26D}.Debug|x86.ActiveCfg = Debug|Win32
		{CE9BCCCC-D699-45A0-A874-97AE0AC6E26D}.Debug|x86.Build.0 = Debug|Win32
		{CE9BCCCC-D699-45A0-A874-97AE0AC6E26D}.Release|x64.ActiveCfg = Release|x64
		{CE9BCCCC-D699-45A0-A874-97AE0AC6E26D}.Release|x64.Build.0 = Release|x64
		{CE9BCCCC-D699-45A0-A874-97AE0AC6E26D}.Release|x86.ActiveCfg = Release|Win32
		{CE9BCCCC-D699-45A0-A874-97AE0AC6E26D}.Release|x86.Build.0 = Release|Win32
		{E0B01991-F58B-4FFC-8FE2-FD6543D75035}.Debug|x64.ActiveCfg = Debug|x64
		{E0B01991-F58B-4FFC-8FE2-FD6543D75035}.Debug|x64.Build.0 = Debug|x64
		{E0B01991-F58B-4FFC-8FE2-FD6543D75035}.Debug|x86.ActiveCfg = Debug|Win32
		{E0B01991-F58B-4FFC-8FE2-FD6543D75035}.Debug|x86.Build.0 = Debug|Win32
		{E0B01991-F58B-4FFC-8FE2-FD6543D75035}.Release|x64.ActiveCfg = Release|x64
		{E0B01991-F58B-4FFC-8FE2-FD6543D75035}.Release|x64.Build.0 = Release|x64
		{E0B01991-F58B-4FFC-8FE2-FD6543D75035}.Release|x86.ActiveCfg = Release|Win32
		{E0B01991-F58B-4FFC-8FE2-FD6543D75035}.Release|x86.Build.0 = Release|Win32
		{B795BF94-0AE5-4918-96FC-177E8EF31DC2}.Debug|x64.ActiveCfg = Debug|x64
		{B795BF94-0AE5-4918-96FC-177E8EF31DC2}.Debug|x64.Build.0 = Debug|x64
		{B795BF94-0AE5-4918-96FC-177E8EF31DC2}.Debug|x86.ActiveCfg = Debug|Win32
		{B795BF94-0AE5-4918-96FC-177E8EF31DC2}.Debug|x86.Build.0 = Debug|Win32
		{B795BF94-0AE5-4918-96FC-177E8EF31DC2}.Release|x64.ActiveCfg = Release|x64
		{B795BF94-0AE5-4918-96FC-177E8EF31DC2}.Release|x64.Build.0 = Release|x64
		{B795BF94-0AE5-4918-96FC-177E8EF31DC2}.Release|x86.ActiveCfg = Release|Win32
		{B795BF94-0AE5-4918-96FC-177E8EF31DC2}.Release|x86.Build.0 = Release|Win32
		{55D5ED90-0007-4DF9-AA0C-6FE640AA615E}.Debug|x64.ActiveCfg = Debug|x64
		{55D5ED90-0007-4DF9-AA0C-6FE640AA615E}.Debug|x64.Build.0 = Debug|x64
		{55D5ED90-0007-4DF9-AA0C-6FE640AA615E}.Debug|x86.ActiveCfg = Debug|Win32
		{55D5ED90-0007-4DF9-AA0C-6FE640AA615E}.Debug|x86.Build.0 = Debug|Win32
		{55D5ED90-0007-4DF9-AA0C-6FE640AA615E}.Release|x64.ActiveCfg = Release|x64
		{55D5ED90-0007-4DF9-AA0C-6FE640AA615E}.Release|x64.Build.0 = Release|x64
		{55D5ED90-0007-4DF9-AA0C-6FE640AA615E}.Release|x86.ActiveCfg = Release|Win32
		{55D5ED90-0007-4DF9-AA0C-6FE640AA615E}.Release|x86.Build.0 = Release|Win32
		{1E735D9D-E6ED-4653-B6F7-9D0DCFAD2F78}.Debug|x64.ActiveCfg = Debug|x64
		{1E735D9D-E6ED-4653-B6F7-9D0DCFAD2F78}.Debug|x64.Build.0 = Debug|x64
		{1E735D9D-E6ED-4653-B6F7-9D0DCFAD2F78}.Debug|x86.ActiveCfg = Debug|Win32
		{1E735D9D-E6ED-4653-B6F7-9D0DCFAD2F78}.Debug|x86.Build.0 = Debug|Win32
		{1E735D9D-E6ED-4653-B6F7-9D0DCFAD2F78}.Release|x64.ActiveCfg = Release|x64
		{1E735D9D-E6ED-4653-B6F7-9D0DCFAD2F78}.Release|x64.Build.0 = Release|x64
		{1E735D9D-E6ED-4653-B6F7-9D0DCFAD2F78}.Release|x86.ActiveCfg = Release|Win32
		{1E735D9D-E6ED-4653-B6F7-9D0DCFAD2F78}.Release|x86.Build.0 = Release|Win32
		{D0A15915-4829-45C4-BF51-DFB95E358685}.Debug|x64.ActiveCfg = Debug|x64
		{D0A15915-4829-45C4-BF51-DFB95E358685}.Debug|x64.Build.0 = Debug|x64
		{D0A15915-4829-45C4-BF51-DFB95E358685}.Debug|x86.ActiveCfg = Debug|Win32
		{D0A15915-4829-45C4-BF51-DFB95E358685}.Debug|x86.Build.0 = Debug|Win32
		{D0A15915-4829-45C4-BF51-DFB95E358685}.Release|x64.ActiveCfg = Release|x64
		{D0A15915-4829-45C4-BF51-DFB95E358685}.Release|x64.Build.0 = Release|x64
		{D0A15915-4829-45C4-BF51-DFB95E358685}.Release|x86.ActiveCfg = Release|Win32
		{D0A15915-4829-45C4-BF51-DFB95E358685}.Release|x86.Build.0 = Release|Win32
		{482B3907-8A80-4CAC-82FB-4C7EDF89668E}.Debug|x64.ActiveCfg = Debug|x64
		{482B3907-8A80-4CAC-82FB-4C7EDF89668E}.Debug|x64.Build.0 = Debug|x64
		{482B3907-8A80-4CAC-82FB-4C7EDF89668E}.Debug|x86.ActiveCfg = Debug|Win32
		{482B3907-8A80-4CAC-82FB-4C7EDF89668E}.Debug|x86.Build.0 = Debug|Win32
		{482B3907-8A80-4CAC-82FB-4C7EDF89668E}.Release|x64.ActiveCfg = Release|x64
		{482B3907-8A80-4CAC-82FB-4C7EDF89668E}.Release|x64.Build.0 = Release|x64
		{482B3907-8A80-4CAC-82FB-4C7EDF89668E}.Release|x86.ActiveCfg = Release|Win32
		{482B3907-8A80-4CAC-82FB-4C7EDF89668E}.Release|x86.Build.0 = Release|Win32
		{DB3BC8CB-23C5-4CB0-AED7-19DC05CD0696}.Debug|x64.ActiveCfg = Debug|x64
		{DB3BC8CB-23C5-4CB0-AED7-19DC05CD0696}.Debug|x64.Build.0 = Debug|x64
		{DB3BC8CB-23C5-4CB0-AED7-19DC05CD0696}.Debug|x86.ActiveCfg = Debug|Win32
		{DB3BC8CB-23C5-4CB0-AED7-19DC05CD0696}.Debug|x86.Build.0 = Debug|Win32
		{DB3BC8CB-23C5-4CB0-AED7-19DC05CD0696}.Release|x64.ActiveCfg = Release|x64
		{DB3BC8CB-23C5-4CB0-AED7-19DC05CD0696}.Release|x64.Build.0 = Release|x64
		{DB3BC8CB-23C5-4CB0-AED7-19DC05CD0696}.Release|x86.ActiveCfg = Release|Win32
		{DB3BC8CB-23C5-4CB0-AED7-19DC05CD0696}.Release|x86.Build.0 = Release|Win32
		{B9461CB0-2B93-4B1D-8B0A-954A1157F097}.Debug|x64.ActiveCfg = Debug|x64
		{B9461CB0-2B93-4B1D-8B0A-954A1157F097}.Debug|x64.Build.0 = Debug|x64
		{B9461CB0-2B93-4B1D-8B0A-954A1157F097}.Debug|x86.ActiveCfg = Debug|Win32
		{B9461CB0-2B93-4B1D-8B0A-954A1157F097}.Debug|x86.Build.0 = Debug|Win32
		{B9461CB0-2B93-4B1D-8B0A-954A1157F097}.Release|x64.ActiveCfg = Release|x64
		{B9461CB0-2B93-4B1D-8B0A-954A1157F097}.Release|x64.Build.0 = Release|x64
		{B9461CB0-2B93-4B1D-8B0A-954A1157F097}.Release|x86.ActiveCfg = Release|Win32
		{B9461CB0-2B93-4B1D-8B0A-954A1157F097}.Release|x86.Build.0 = Release|Win32
		{36DA3EDA-2BAB-4797-92E8-DD8D385A9432}.Debug|x64.ActiveCfg = Debug|x64
		{36DA3EDA-2BAB-4797-92E8-DD8D385A9432}.Debug|x64.Build.0 = Debug|x64
		{36DA3EDA-2BAB-4797-92E8-DD8D385A9432}.Debug|x86.ActiveCfg = Debug|Win32
		{36DA3EDA-2BAB-4797-92E8-DD8D385A9432}.Debug|x86.Build.0 = Debug|Win32
		{36DA3EDA-2BAB-4797-92E8-DD8D385A9432}.Release|x64.ActiveCfg = Release|x64
		{36DA3EDA-2BAB-4797-92E8-DD8D385A9432}.Release|x64.Build.0 = Release|x64
		{36DA3EDA-2BAB-4797-92E8-DD8D385A9432}.Release|x86.ActiveCfg = Release|Win32
		{36DA3EDA-2BAB-4797-92E8-DD8D385A9432}.Release|x86.Build.0 = Release|Win32
		{06319F90-0909-4AC5-BE96-30B1AC4156EA}.Debug|x64.ActiveCfg = Debug|x64
		{06319F90-0909-4AC5-BE96-30B1AC4156EA}.Debug|x64.Build.0 = Debug|x64
		{06319F90-0909-4AC5-BE96-30B1AC4156EA}.Debug|x86.ActiveCfg = Debug|Win32
		{06319F90-0909-4AC5-BE96-30B1AC4156EA}.Debug|x86.Build.0 = Debug|Win32
		{06319F90-0909-4AC5-BE96-30B1AC4156EA}.Release|x64.ActiveCfg = Release|x64
		{06319F90-0909-4AC5-BE96-30B1AC4156EA}.Release|x64.Build.0 = Release|x64
		{06319F90-0909-4AC5-BE96-30B1AC4156EA}.Release|x86.ActiveCfg = Release|Win32
		{06319F90-0909-4AC5-BE96-30B1AC4156EA}.Release|x86.Build.0 = Release|Win32
		{4E6230FF-08EF-4BBA-8DDD-BB440CD31183}.Debug|x64.ActiveCfg = Debug|x64
		{4E6230FF-08EF-4BBA-8DDD-BB440CD31183}.Debug|x64.Build.0 = Debug|x64
		{4E6230FF-08EF-4BBA-8DDD-BB440CD31183}.Debug|x86.ActiveCfg = Debug|Win32
		{4E6230FF-08EF-4BBA-8DDD-BB440CD31183}.Debug|x86.Build.0 = Debug|Win32
		{4E6230FF-08EF-4BBA-8DDD-BB440CD31183}.Release|x64.ActiveCfg = Release|x64
		{4E6230FF-08EF-4BBA-8DDD-BB440CD31183}.Release|x64.Build.0 = Release|x64
		{4E6230FF-08EF-4BBA-8DDD-BB440CD31183}.Release|x86.ActiveCfg = Release|Win32
		{4E6230FF-08EF-4BBA-8DDD-BB440CD31183}.Release|x86.Build.0 = Release|Win32
		{B35527AD-D994-4B94-B6E2-D20D93576814}.Debug|x64.ActiveCfg = Debug|x64
		{B35527AD-D994-4B94-B6E2-D20D93576814}.Debug|x64.Build.0 = Debug|x64
		{B35527AD-D994-4B94-B6E2-D20D93576814}.Debug|x86.ActiveCfg = Debug|Win32
		{B35527AD-D994-4B94-B6E2-D20D93576814}.Debug|x86.Build.0 = Debug|Win32
		{B35527AD-D994-4B94-B6E2-D20D93576814}.Release|x64.ActiveCfg = Release|x64
		{B35527AD-D994-4B94-B6E2-D20D93576814}.Release|x64.Build.0 = Release|x64
		{B35527AD-D994-4B94-B6E2-D20D93576814}.Release|x86.ActiveCfg = Release|Win32
		{B35527AD-D994-4B94-B6E2-D20D93576814}.Release|x86.Build.0 = Release|Win32
		{9905F829-A2D1-44AC-909F-90F4E1917A17}.Debug|x64.ActiveCfg = Debug|x64
		{9905F829-A2D1-44AC-909F-90F4E1917A17}.Debug|x64.Build.0 = Debug|x64
		{9905F829-A2D1-44AC-909F-90F4E1917A17}.Debug|x86.ActiveCfg = Debug|Win32
		{9905F829-A2D1-44AC-909F-90F4E1917A17}.Debug|x86.Build.0 = Debug|Win32
		{9905F829-A2D1-44AC-909F-90F4E1917A17}.Release|x64.ActiveCfg = Release|x64
		{9905F829-A2D1-44AC-909F-90F4E1917A17}.Release|x64.Build.0 = Release|x64
		{9905F829-A2D1-44AC-909F-90F4E1917A17}.Release|x86.ActiveCfg = Release|Win32
		{9905F829-A2D1-44AC-909F-90F4E1917A17}.Release|x86.Build.0 = Release|Win32
		{896E694E-9EDE-43AE-A916-750217F7DE41}.Debug|x64.ActiveCfg = Debug|x64
		{896E694E-9EDE-43AE-A916-750217F7DE41}.Debug|x64.Build.0 = Debug|x64
		{896E694E-9EDE-43AE-A916-750217F7DE41}.Debug|x86.ActiveCfg = Debug|Win32
		{896E694E-9EDE-43AE-A916-750217F7DE41}.Debug|x86.Build.0 = Debug|Win32
		{896E694E-9EDE-43AE-A916-750217F7DE41}.Release|x64.ActiveCfg = Release|x64
		{896E694E-9EDE-43AE-A916-750217F7DE41}.Release|x64.Build.0 = Release|x64
		{896E694E-9EDE-43AE-A916-750217F7DE41}.Release|x86.ActiveCfg = Release|Win32
		{896E694E-9EDE-43AE-A916-750217F7DE41}.Release|x86.Build.0 = Release|Win32
		{656175F5-38BE-4B1A-ADDB-C9D4F03CC66D}.Debug|x64.ActiveCfg = Debug|x64
		{656175F5-38BE-4B1A-ADDB-C9D4F03CC66D}.Debug|x64.Build.0 = Debug|x64
		{656175F5-38BE-4B1A-ADDB-C9D4F03CC66D}.Debug|x86.ActiveCfg = Debug|Win32
		{656175F5-38BE-4B1A-ADDB-C9D4F03CC66D}.Debug|x86.Build.0 = Debug|Win32
		{656175F5-38BE-4B1A-ADDB-C9D4F03CC66D}.Release|x64.ActiveCfg = Release|x64
		{656175F5-38BE-4B1A-ADDB-C9D4F03CC66D}.Release|x64.Build.0 = Release|x64
		{656175F5-38BE-4B1A-ADDB-C9D4F03CC66D}.Release|x86.ActiveCfg = Release|Win32
		{656175F5-38BE-4B1A-ADDB-C9D4F03CC66D}.Release|x86.Build.0 = Release|Win32
		{0A3AD203-EAA4-4DD1-8C6B-E543E5A63499}.Debug|x64.ActiveCfg = Debug|x64
		{0A3AD203-EAA4-4DD1-8C6B-E543E5A63499}.Debug|x64.Build.0 = Debug|x64
		{0A3AD203-EAA4-4DD1-8C6B-E543E5A63499}.Debug|x86.ActiveCfg = Debug|Win32
		{0A3AD203-EAA4-4DD1-8C6B-E543E5A63499}.Debug|x86.Build.0 = Debug|Win32
		{0A3AD203-EAA4-4DD1-8C6B-E543E5A63499}.Release|x64.ActiveCfg = Release|x64
		{0A3AD203-EAA4-4DD1-8C6B-E543E5A63499}.Release|x64.Build.0 = Release|x64
		{0A3AD203-EAA4-4DD1-8C6B-E543E5A63499}.Release|x86.ActiveCfg = Release|Win32
		{0A3AD203-EAA4-4DD1-8C6B-E543E5A63499}.Release|x86.Build.0 = Release|Win32
		{D3A3CD82-F99B-4C68-B9AC-A70272A7C40E}.Debug|x64.ActiveCfg = Debug|x64
		{D3A3CD82-F99B-4C68-B9AC-A70272A7C40E}.Debug|x64.Build.0 = Debug|x64
		{D3A3CD82-F99B-4C68-B9AC-A70272A7C40E}.Debug|x86.ActiveCfg = Debug|Win32
		{D3A3CD82-F99B-4C68-B9AC-A70272A7C40E}.Debug|x86.Build.0 = Debug|Win32
		{D3A3CD82-F99B-4C68-B9AC-A70272A7C40E}.Release|x64.ActiveCfg = Release|x64
		{D3A3CD82-F99B-4C68-B9AC-A70272A7C40E}.Release|x64.Build.0 = Release|x64
		{D3A3CD82-F99B-4C68-B9AC-A70272A7C40E}.Release|x86.ActiveCfg = Release|Win32
		{D3A3CD82-F99B-4C68-B9AC-A70272A7C40E}.Release|x86.Build.0 = Release|Win32
		{2B6C1888-931F-42CE-8498-435A2D180B26}.Debug|x64.ActiveCfg = Debug|x64
		{2B6C1888-931F-42CE-8498-435A2D180B26}.Debug|x64.Build.0 = Debug|x64
		{2B6C1888-931F-42CE-8498-435A2D180B26}.Debug|x86.ActiveCfg = Debug|Win32
		{2B6C1888-931F-42CE-8498-435A2D180B26}.Debug|x86.Build.0 = Debug|Win32
		{2B6C1888-931F-42CE-8498-435A2D180B26}.Release|x64.ActiveCfg = Release|x64
		{2B6C1888-931F-42CE-8498-435A2D180B26}.Release|x64.Build.0 = Release|x64
		{2B6C1888-931F-42CE-8498-435A2D180B26}.Release|x86.ActiveCfg = Release|Win32
		{2B6C1888-931F-42CE-8498-435A2D180B26}.Release|x86.Build.0 = Release|Win32
		{FC5B0189-C3E7-4EAA-9087-60625E699EF0}.Debug|x64.ActiveCfg = Debug|x64
		{FC5B0189-C3E7-4EAA-9087-60625E699EF0}.Debug|x64.Build.0 = Debug|x64
		{FC5B0189-C3E7-4EAA-9087-60625E699EF0}.Debug|x86.ActiveCfg = Debug|Win32
		{FC5B0189-C3E7-4EAA-9087-60625E699EF0}.Debug|x86.Build.0 = Debug|Win32
		{FC5B0189-C3E7-4EAA-9087-60625E699EF0}.Release|x64.ActiveCfg = Release|x64
		{FC5B0189-C3E7-4EAA-9087-60625E699EF0}.Release|x64.Build.0 = Release|x64
		{FC5B0189-C3E7-4EAA-9087-60625E699EF0}.Release|x86.ActiveCfg = Release|Win32
		{FC5B0189-C3E7-4EAA-9087-60625E699EF0}.Release|x86.Build.0 = Release|Win32
		{D57C3418-0F12-4586-9CB8-D77ABE2D38D5}.Debug|x64.ActiveCfg = Debug|x64
		{D57C3418-0F12-4586-9CB8-D77ABE2D38D5}.Debug|x64.Build.0 = Debug|x64
		{D57C3418-0F12-4586-9CB8-D77ABE2D38D5}.Debug|x86.ActiveCfg = Debug|Win32
		{D57C3418-0F12-4586-9CB8-D77ABE2D38D5}.Debug|x86.Build.0 = Debug|Win32
		{D57C3418-0F12-4586-9CB8-D77ABE2D38D5}.Release|x64.ActiveCfg = Release|x64
		{D57C3418-0F12-4586-9CB8-D77ABE2D38D5}.Release|x64.Build.0 = Release|x64
		{D57C3418-0F12-4586-9CB8-D77ABE2D38D5}.Release|x86.ActiveCfg = Release|Win32
		{D57C3418-0F12-4586-9CB8-D77ABE2D38D5}.Release|x86.Build.0 = Release|Win32
	EndGlobalSection
	GlobalSection(SolutionProperties) = preSolution
		HideSolutionNode = FALSE
	EndGlobalSection
	GlobalSection(ExtensibilityGlobals) = postSolution
		SolutionGuid = {9F119CE7-E6D0-4507-880D-C5D3972B552D}
	EndGlobalSection
EndGlobal
